# This file is automatically @generated by Cargo.
# It is not intended for manual editing.
[[package]]
name = "adler32"
version = "1.2.0"
source = "registry+https://github.com/rust-lang/crates.io-index"
checksum = "aae1277d39aeec15cb388266ecc24b11c80469deae6067e17a1a7aa9e5c1f234"

[[package]]
name = "ansi_term"
version = "0.11.0"
source = "registry+https://github.com/rust-lang/crates.io-index"
checksum = "ee49baf6cb617b853aa8d93bf420db2383fab46d314482ca2803b40d5fde979b"
dependencies = [
 "winapi",
]

[[package]]
name = "arc-swap"
version = "0.4.7"
source = "registry+https://github.com/rust-lang/crates.io-index"
checksum = "4d25d88fd6b8041580a654f9d0c581a047baee2b3efee13275f2fc392fc75034"

[[package]]
name = "atty"
version = "0.2.14"
source = "registry+https://github.com/rust-lang/crates.io-index"
checksum = "d9b39be18770d11421cdb1b9947a45dd3f37e93092cbf377614828a319d5fee8"
dependencies = [
 "hermit-abi",
 "libc",
 "winapi",
]

[[package]]
name = "autocfg"
version = "1.0.0"
source = "registry+https://github.com/rust-lang/crates.io-index"
checksum = "f8aac770f1885fd7e387acedd76065302551364496e46b3dd00860b2f8359b9d"

[[package]]
name = "avro-rs"
version = "0.11.0"
source = "registry+https://github.com/rust-lang/crates.io-index"
checksum = "3df4679042d549ad2dec299b84d64d4c3d2cd727e1a772dd6372bd9f7d71d723"
dependencies = [
 "byteorder",
 "digest",
 "libflate",
 "num-bigint",
 "rand 0.4.6",
 "serde",
 "serde_json",
 "strum",
 "strum_macros",
 "thiserror",
 "typed-builder",
 "uuid",
 "zerocopy",
]

[[package]]
name = "base64"
version = "0.12.3"
source = "registry+https://github.com/rust-lang/crates.io-index"
checksum = "3441f0f7b02788e948e47f457ca01f1d7e6d92c693bc132c22b087d3141c03ff"

[[package]]
name = "bitflags"
version = "1.2.1"
source = "registry+https://github.com/rust-lang/crates.io-index"
checksum = "cf1de2fe8c75bc145a2f577add951f8134889b4795d47466a54a5c846d691693"

[[package]]
name = "bumpalo"
version = "3.6.1"
source = "registry+https://github.com/rust-lang/crates.io-index"
checksum = "63396b8a4b9de3f4fdfb320ab6080762242f66a8ef174c49d8e19b674db4cdbe"

[[package]]
name = "byteorder"
version = "1.3.4"
source = "registry+https://github.com/rust-lang/crates.io-index"
checksum = "08c48aae112d48ed9f069b33538ea9e3e90aa263cfa3d1c24309612b1f7472de"

[[package]]
name = "bytes"
version = "1.0.1"
source = "registry+https://github.com/rust-lang/crates.io-index"
checksum = "b700ce4376041dcd0a327fd0097c41095743c4c8af8887265942faf1100bd040"

[[package]]
name = "cfg-if"
version = "0.1.10"
source = "registry+https://github.com/rust-lang/crates.io-index"
checksum = "4785bdd1c96b2a846b2bd7cc02e86b6b3dbf14e7e53446c4f54c92a361040822"

[[package]]
name = "cfg-if"
version = "1.0.0"
source = "registry+https://github.com/rust-lang/crates.io-index"
checksum = "baf1de4339761588bc0619e3cbc0120ee582ebb74b53b4efbf79117bd2da40fd"

[[package]]
name = "chrono"
version = "0.4.19"
source = "registry+https://github.com/rust-lang/crates.io-index"
checksum = "670ad68c9088c2a963aaa298cb369688cf3f9465ce5e2d4ca10e6e0098a1ce73"
dependencies = [
 "js-sys",
 "libc",
 "num-integer",
 "num-traits",
 "serde",
 "time",
 "wasm-bindgen",
 "winapi",
]

[[package]]
name = "clap"
version = "2.33.3"
source = "registry+https://github.com/rust-lang/crates.io-index"
checksum = "37e58ac78573c40708d45522f0d80fa2f01cc4f9b4e2bf749807255454312002"
dependencies = [
 "ansi_term",
 "atty",
 "bitflags",
 "strsim",
 "textwrap",
 "unicode-width",
 "vec_map",
]

[[package]]
name = "console"
version = "0.11.3"
source = "registry+https://github.com/rust-lang/crates.io-index"
checksum = "8c0994e656bba7b922d8dd1245db90672ffb701e684e45be58f20719d69abc5a"
dependencies = [
 "encode_unicode",
 "lazy_static",
 "libc",
 "terminal_size",
 "termios",
 "winapi",
]

[[package]]
name = "cqrs-core"
version = "0.2.2"
source = "registry+https://github.com/rust-lang/crates.io-index"
checksum = "7aa0974a70f69a9fb578e23983b9ce8e076c41f69a0d3256400b3b3f1f7e2897"

[[package]]
name = "crc32fast"
version = "1.2.0"
source = "registry+https://github.com/rust-lang/crates.io-index"
checksum = "ba125de2af0df55319f41944744ad91c71113bf74a4646efff39afe1f6842db1"
dependencies = [
 "cfg-if 0.1.10",
]

[[package]]
name = "difference"
version = "2.0.0"
source = "registry+https://github.com/rust-lang/crates.io-index"
checksum = "524cbf6897b527295dff137cec09ecf3a05f4fddffd7dfcd1585403449e74198"

[[package]]
name = "digest"
version = "0.9.0"
source = "registry+https://github.com/rust-lang/crates.io-index"
checksum = "d3dd60d1080a57a05ab032377049e0591415d2b31afd7028356dbf3cc6dcb066"
dependencies = [
 "generic-array",
]

[[package]]
name = "dtoa"
version = "0.4.6"
source = "registry+https://github.com/rust-lang/crates.io-index"
checksum = "134951f4028bdadb9b84baf4232681efbf277da25144b9b0ad65df75946c422b"

[[package]]
name = "encode_unicode"
version = "0.3.6"
source = "registry+https://github.com/rust-lang/crates.io-index"
checksum = "a357d28ed41a50f9c765dbfe56cbc04a64e53e5fc58ba79fbc34c10ef3df831f"

[[package]]
name = "fixedbitset"
version = "0.2.0"
source = "registry+https://github.com/rust-lang/crates.io-index"
checksum = "37ab347416e802de484e4d03c7316c48f1ecb56574dfd4a46a80f173ce1de04d"

[[package]]
name = "fuchsia-cprng"
version = "0.1.1"
source = "registry+https://github.com/rust-lang/crates.io-index"
checksum = "a06f77d526c1a601b7c4cdd98f54b5eaabffc14d5f2f0296febdc7f357c6d3ba"

[[package]]
name = "futures"
version = "0.3.12"
source = "registry+https://github.com/rust-lang/crates.io-index"
checksum = "da9052a1a50244d8d5aa9bf55cbc2fb6f357c86cc52e46c62ed390a7180cf150"
dependencies = [
 "futures-channel",
 "futures-core",
 "futures-executor",
 "futures-io",
 "futures-sink",
 "futures-task",
 "futures-util",
]

[[package]]
name = "futures-channel"
version = "0.3.12"
source = "registry+https://github.com/rust-lang/crates.io-index"
checksum = "f2d31b7ec7efab6eefc7c57233bb10b847986139d88cc2f5a02a1ae6871a1846"
dependencies = [
 "futures-core",
 "futures-sink",
]

[[package]]
name = "futures-core"
version = "0.3.12"
source = "registry+https://github.com/rust-lang/crates.io-index"
checksum = "79e5145dde8da7d1b3892dad07a9c98fc04bc39892b1ecc9692cf53e2b780a65"

[[package]]
name = "futures-executor"
version = "0.3.12"
source = "registry+https://github.com/rust-lang/crates.io-index"
checksum = "e9e59fdc009a4b3096bf94f740a0f2424c082521f20a9b08c5c07c48d90fd9b9"
dependencies = [
 "futures-core",
 "futures-task",
 "futures-util",
]

[[package]]
name = "futures-io"
version = "0.3.12"
source = "registry+https://github.com/rust-lang/crates.io-index"
checksum = "28be053525281ad8259d47e4de5de657b25e7bac113458555bb4b70bc6870500"

[[package]]
name = "futures-macro"
version = "0.3.12"
source = "registry+https://github.com/rust-lang/crates.io-index"
checksum = "c287d25add322d9f9abdcdc5927ca398917996600182178774032e9f8258fedd"
dependencies = [
 "proc-macro-hack",
 "proc-macro2",
 "quote",
 "syn",
]

[[package]]
name = "futures-sink"
version = "0.3.12"
source = "registry+https://github.com/rust-lang/crates.io-index"
checksum = "caf5c69029bda2e743fddd0582d1083951d65cc9539aebf8812f36c3491342d6"

[[package]]
name = "futures-task"
version = "0.3.12"
source = "registry+https://github.com/rust-lang/crates.io-index"
checksum = "13de07eb8ea81ae445aca7b69f5f7bf15d7bf4912d8ca37d6645c77ae8a58d86"
dependencies = [
 "once_cell",
]

[[package]]
name = "futures-util"
version = "0.3.12"
source = "registry+https://github.com/rust-lang/crates.io-index"
checksum = "632a8cd0f2a4b3fdea1657f08bde063848c3bd00f9bbf6e256b8be78802e624b"
dependencies = [
 "futures-channel",
 "futures-core",
 "futures-io",
 "futures-macro",
 "futures-sink",
 "futures-task",
 "memchr",
 "pin-project-lite",
 "pin-utils",
 "proc-macro-hack",
 "proc-macro-nested",
 "slab",
]

[[package]]
name = "generic-array"
version = "0.14.4"
source = "registry+https://github.com/rust-lang/crates.io-index"
checksum = "501466ecc8a30d1d3b7fc9229b122b2ce8ed6e9d9223f1138d4babb253e51817"
dependencies = [
 "typenum",
 "version_check",
]

[[package]]
name = "getrandom"
version = "0.2.2"
source = "registry+https://github.com/rust-lang/crates.io-index"
checksum = "c9495705279e7140bf035dde1f6e750c162df8b625267cd52cc44e0b156732c8"
dependencies = [
 "cfg-if 1.0.0",
 "js-sys",
 "libc",
 "wasi",
 "wasm-bindgen",
]

[[package]]
name = "hashbrown"
version = "0.8.2"
source = "registry+https://github.com/rust-lang/crates.io-index"
checksum = "e91b62f79061a0bc2e046024cb7ba44b08419ed238ecbd9adbd787434b9e8c25"
dependencies = [
 "autocfg",
]

[[package]]
name = "heck"
version = "0.3.1"
source = "registry+https://github.com/rust-lang/crates.io-index"
checksum = "20564e78d53d2bb135c343b3f47714a56af2061f1c928fdb541dc7b9fdd94205"
dependencies = [
 "unicode-segmentation",
]

[[package]]
name = "hermit-abi"
version = "0.1.15"
source = "registry+https://github.com/rust-lang/crates.io-index"
checksum = "3deed196b6e7f9e44a2ae8d94225d80302d81208b1bb673fd21fe634645c85a9"
dependencies = [
 "libc",
]

[[package]]
name = "indexmap"
version = "1.5.1"
source = "registry+https://github.com/rust-lang/crates.io-index"
checksum = "86b45e59b16c76b11bf9738fd5d38879d3bd28ad292d7b313608becb17ae2df9"
dependencies = [
 "autocfg",
 "hashbrown",
]

[[package]]
name = "insta"
version = "0.16.1"
source = "registry+https://github.com/rust-lang/crates.io-index"
checksum = "617e921abc813f96a3b00958c079e7bf1e2db998f8a04f1546dd967373a418ee"
dependencies = [
 "console",
 "difference",
 "lazy_static",
 "serde",
 "serde_json",
 "serde_yaml",
]

[[package]]
name = "instant"
version = "0.1.9"
source = "registry+https://github.com/rust-lang/crates.io-index"
checksum = "61124eeebbd69b8190558df225adf7e4caafce0d743919e5d6b19652314ec5ec"
dependencies = [
 "cfg-if 1.0.0",
]

[[package]]
name = "itoa"
version = "0.4.6"
source = "registry+https://github.com/rust-lang/crates.io-index"
checksum = "dc6f3ad7b9d11a0c00842ff8de1b60ee58661048eb8049ed33c73594f359d7e6"

[[package]]
name = "js-sys"
version = "0.3.47"
source = "registry+https://github.com/rust-lang/crates.io-index"
checksum = "5cfb73131c35423a367daf8cbd24100af0d077668c8c2943f0e7dd775fef0f65"
dependencies = [
 "wasm-bindgen",
]

[[package]]
name = "lazy_static"
version = "1.4.0"
source = "registry+https://github.com/rust-lang/crates.io-index"
checksum = "e2abad23fbc42b3700f2f279844dc832adb2b2eb069b2df918f455c4e18cc646"

[[package]]
name = "libc"
version = "0.2.76"
source = "registry+https://github.com/rust-lang/crates.io-index"
checksum = "755456fae044e6fa1ebbbd1b3e902ae19e73097ed4ed87bb79934a867c007bc3"

[[package]]
name = "libflate"
version = "1.0.2"
source = "registry+https://github.com/rust-lang/crates.io-index"
checksum = "e9bac9023e1db29c084f9f8cd9d3852e5e8fddf98fb47c4964a0ea4663d95949"
dependencies = [
 "adler32",
 "crc32fast",
 "libflate_lz77",
 "rle-decode-fast",
]

[[package]]
name = "libflate_lz77"
version = "1.0.0"
source = "registry+https://github.com/rust-lang/crates.io-index"
checksum = "3286f09f7d4926fc486334f28d8d2e6ebe4f7f9994494b6dab27ddfad2c9b11b"

[[package]]
name = "linked-hash-map"
version = "0.5.3"
source = "registry+https://github.com/rust-lang/crates.io-index"
checksum = "8dd5a6d5999d9907cda8ed67bbd137d3af8085216c2ac62de5be860bd41f304a"

[[package]]
name = "lock_api"
version = "0.4.2"
source = "registry+https://github.com/rust-lang/crates.io-index"
checksum = "dd96ffd135b2fd7b973ac026d28085defbe8983df057ced3eb4f2130b0831312"
dependencies = [
 "scopeguard",
]

[[package]]
name = "log"
version = "0.4.11"
source = "registry+https://github.com/rust-lang/crates.io-index"
checksum = "4fabed175da42fed1fa0746b0ea71f412aa9d35e76e95e59b192c64b9dc2bf8b"
dependencies = [
 "cfg-if 0.1.10",
]

[[package]]
name = "memchr"
version = "2.3.3"
source = "registry+https://github.com/rust-lang/crates.io-index"
checksum = "3728d817d99e5ac407411fa471ff9800a778d88a24685968b36824eaf4bee400"

[[package]]
name = "mio"
version = "0.7.7"
source = "registry+https://github.com/rust-lang/crates.io-index"
checksum = "e50ae3f04d169fcc9bde0b547d1c205219b7157e07ded9c5aff03e0637cb3ed7"
dependencies = [
 "libc",
 "log",
 "miow",
 "ntapi",
 "winapi",
]

[[package]]
name = "miow"
version = "0.3.6"
source = "registry+https://github.com/rust-lang/crates.io-index"
checksum = "5a33c1b55807fbed163481b5ba66db4b2fa6cde694a5027be10fb724206c5897"
dependencies = [
 "socket2",
 "winapi",
]

[[package]]
name = "nanoid"
version = "0.4.0"
source = "registry+https://github.com/rust-lang/crates.io-index"
checksum = "3ffa00dec017b5b1a8b7cf5e2c008bfda1aa7e0697ac1508b491fdf2622fb4d8"
dependencies = [
 "rand 0.8.3",
]

[[package]]
name = "ntapi"
version = "0.3.6"
source = "registry+https://github.com/rust-lang/crates.io-index"
checksum = "3f6bb902e437b6d86e03cce10a7e2af662292c5dfef23b65899ea3ac9354ad44"
dependencies = [
 "winapi",
]

[[package]]
name = "num-bigint"
version = "0.2.6"
source = "registry+https://github.com/rust-lang/crates.io-index"
checksum = "090c7f9998ee0ff65aa5b723e4009f7b217707f1fb5ea551329cc4d6231fb304"
dependencies = [
 "autocfg",
 "num-integer",
 "num-traits",
]

[[package]]
name = "num-integer"
version = "0.1.43"
source = "registry+https://github.com/rust-lang/crates.io-index"
checksum = "8d59457e662d541ba17869cf51cf177c0b5f0cbf476c66bdc90bf1edac4f875b"
dependencies = [
 "autocfg",
 "num-traits",
]

[[package]]
name = "num-traits"
version = "0.2.12"
source = "registry+https://github.com/rust-lang/crates.io-index"
checksum = "ac267bcc07f48ee5f8935ab0d24f316fb722d7a1292e2913f0cc196b29ffd611"
dependencies = [
 "autocfg",
]

[[package]]
name = "num_cpus"
version = "1.13.0"
source = "registry+https://github.com/rust-lang/crates.io-index"
checksum = "05499f3756671c15885fee9034446956fff3f243d6077b91e5767df161f766b3"
dependencies = [
 "hermit-abi",
 "libc",
]

[[package]]
name = "once_cell"
version = "1.5.2"
source = "registry+https://github.com/rust-lang/crates.io-index"
checksum = "13bd41f508810a131401606d54ac32a467c97172d74ba7662562ebba5ad07fa0"

[[package]]
name = "optic_diff"
version = "0.1.0"
dependencies = [
 "chrono",
 "clap",
 "futures",
 "nanoid",
 "num_cpus",
 "optic_engine",
 "path-absolutize",
 "serde",
 "serde_json",
 "tokio",
 "tokio-stream",
 "tokio-util",
 "uuid",
]

[[package]]
name = "optic_engine"
version = "0.1.0"
dependencies = [
 "avro-rs",
 "base64",
 "bytes",
 "chrono",
 "clap",
 "cqrs-core",
 "futures",
 "insta",
 "log",
 "num_cpus",
 "petgraph",
 "petgraph-evcxr",
 "protobuf",
 "protobuf-codegen-pure",
 "serde",
 "serde_json",
 "thiserror",
 "tokio",
 "tokio-stream",
 "tokio-util",
 "uuid",
]

[[package]]
name = "parking_lot"
version = "0.11.1"
source = "registry+https://github.com/rust-lang/crates.io-index"
checksum = "6d7744ac029df22dca6284efe4e898991d28e3085c706c972bcd7da4a27a15eb"
dependencies = [
 "instant",
 "lock_api",
 "parking_lot_core",
]

[[package]]
name = "parking_lot_core"
version = "0.8.2"
source = "registry+https://github.com/rust-lang/crates.io-index"
checksum = "9ccb628cad4f84851442432c60ad8e1f607e29752d0bf072cbd0baf28aa34272"
dependencies = [
 "cfg-if 1.0.0",
 "instant",
 "libc",
 "redox_syscall",
 "smallvec",
 "winapi",
]

[[package]]
name = "path-absolutize"
version = "3.0.7"
source = "registry+https://github.com/rust-lang/crates.io-index"
checksum = "a7bf455a55d762f9ad0385747ba7fda9bd3dee9b40469bfb1c64c3aa6b073ee9"
dependencies = [
 "path-dedot",
]

[[package]]
name = "path-dedot"
version = "3.0.8"
source = "registry+https://github.com/rust-lang/crates.io-index"
checksum = "c7794b94034e62eef81e8b9ea0690b31f522fd38394ca51e7997d499d0372fb5"
dependencies = [
 "once_cell",
]

[[package]]
name = "petgraph"
version = "0.5.1"
source = "registry+https://github.com/rust-lang/crates.io-index"
checksum = "467d164a6de56270bd7c4d070df81d07beace25012d5103ced4e9ff08d6afdb7"
dependencies = [
 "fixedbitset",
 "indexmap",
]

[[package]]
name = "petgraph-evcxr"
version = "0.2.0"
source = "registry+https://github.com/rust-lang/crates.io-index"
checksum = "4c164f0ab4e02b69ff6172de80d9c1a31a9dd21c15c7b728b632442a19c9fd96"
dependencies = [
 "base64",
 "petgraph",
]

[[package]]
name = "pin-project-lite"
version = "0.2.4"
source = "registry+https://github.com/rust-lang/crates.io-index"
checksum = "439697af366c49a6d0a010c56a0d97685bc140ce0d377b13a2ea2aa42d64a827"

[[package]]
name = "pin-utils"
version = "0.1.0"
source = "registry+https://github.com/rust-lang/crates.io-index"
checksum = "8b870d8c151b6f2fb93e84a13146138f05d02ed11c7e7c54f8826aaaf7c9f184"

[[package]]
name = "ppv-lite86"
version = "0.2.10"
source = "registry+https://github.com/rust-lang/crates.io-index"
checksum = "ac74c624d6b2d21f425f752262f42188365d7b8ff1aff74c82e45136510a4857"

[[package]]
name = "proc-macro-hack"
version = "0.5.19"
source = "registry+https://github.com/rust-lang/crates.io-index"
checksum = "dbf0c48bc1d91375ae5c3cd81e3722dff1abcf81a30960240640d223f59fe0e5"

[[package]]
name = "proc-macro-nested"
version = "0.1.6"
source = "registry+https://github.com/rust-lang/crates.io-index"
checksum = "eba180dafb9038b050a4c280019bbedf9f2467b61e5d892dcad585bb57aadc5a"

[[package]]
name = "proc-macro2"
version = "1.0.24"
source = "registry+https://github.com/rust-lang/crates.io-index"
checksum = "1e0704ee1a7e00d7bb417d0770ea303c1bccbabf0ef1667dae92b5967f5f8a71"
dependencies = [
 "unicode-xid",
]

[[package]]
name = "protobuf"
version = "2.23.0"
source = "registry+https://github.com/rust-lang/crates.io-index"
checksum = "45604fc7a88158e7d514d8e22e14ac746081e7a70d7690074dd0029ee37458d6"

[[package]]
name = "protobuf-codegen"
version = "2.23.0"
source = "registry+https://github.com/rust-lang/crates.io-index"
checksum = "cb87f342b585958c1c086313dbc468dcac3edf5e90362111c26d7a58127ac095"
dependencies = [
 "protobuf",
]

[[package]]
name = "protobuf-codegen-pure"
version = "2.23.0"
source = "registry+https://github.com/rust-lang/crates.io-index"
checksum = "8ca6e0e2f898f7856a6328650abc9b2df71b7c1a5f39be0800d19051ad0214b2"
dependencies = [
 "protobuf",
 "protobuf-codegen",
]

[[package]]
name = "quote"
version = "1.0.7"
source = "registry+https://github.com/rust-lang/crates.io-index"
checksum = "aa563d17ecb180e500da1cfd2b028310ac758de548efdd203e18f283af693f37"
dependencies = [
 "proc-macro2",
]

[[package]]
name = "rand"
version = "0.4.6"
source = "registry+https://github.com/rust-lang/crates.io-index"
checksum = "552840b97013b1a26992c11eac34bdd778e464601a4c2054b5f0bff7c6761293"
dependencies = [
 "fuchsia-cprng",
 "libc",
 "rand_core 0.3.1",
 "rdrand",
 "winapi",
]

[[package]]
name = "rand"
version = "0.8.3"
source = "registry+https://github.com/rust-lang/crates.io-index"
checksum = "0ef9e7e66b4468674bfcb0c81af8b7fa0bb154fa9f28eb840da5c447baeb8d7e"
dependencies = [
 "libc",
 "rand_chacha",
 "rand_core 0.6.2",
 "rand_hc",
]

[[package]]
name = "rand_chacha"
version = "0.3.0"
source = "registry+https://github.com/rust-lang/crates.io-index"
checksum = "e12735cf05c9e10bf21534da50a147b924d555dc7a547c42e6bb2d5b6017ae0d"
dependencies = [
 "ppv-lite86",
 "rand_core 0.6.2",
]

[[package]]
name = "rand_core"
version = "0.3.1"
source = "registry+https://github.com/rust-lang/crates.io-index"
checksum = "7a6fdeb83b075e8266dcc8762c22776f6877a63111121f5f8c7411e5be7eed4b"
dependencies = [
 "rand_core 0.4.2",
]

[[package]]
name = "rand_core"
version = "0.4.2"
source = "registry+https://github.com/rust-lang/crates.io-index"
checksum = "9c33a3c44ca05fa6f1807d8e6743f3824e8509beca625669633be0acbdf509dc"

[[package]]
name = "rand_core"
version = "0.6.2"
source = "registry+https://github.com/rust-lang/crates.io-index"
checksum = "34cf66eb183df1c5876e2dcf6b13d57340741e8dc255b48e40a26de954d06ae7"
dependencies = [
 "getrandom",
]

[[package]]
name = "rand_hc"
version = "0.3.0"
source = "registry+https://github.com/rust-lang/crates.io-index"
checksum = "3190ef7066a446f2e7f42e239d161e905420ccab01eb967c9eb27d21b2322a73"
dependencies = [
 "rand_core 0.6.2",
]

[[package]]
name = "rdrand"
version = "0.4.0"
source = "registry+https://github.com/rust-lang/crates.io-index"
checksum = "678054eb77286b51581ba43620cc911abf02758c91f93f479767aed0f90458b2"
dependencies = [
 "rand_core 0.3.1",
]

[[package]]
name = "redox_syscall"
version = "0.1.57"
source = "registry+https://github.com/rust-lang/crates.io-index"
checksum = "41cc0f7e4d5d4544e8861606a285bb08d3e70712ccc7d2b84d7c0ccfaf4b05ce"

[[package]]
name = "rle-decode-fast"
version = "1.0.1"
source = "registry+https://github.com/rust-lang/crates.io-index"
checksum = "cabe4fa914dec5870285fa7f71f602645da47c486e68486d2b4ceb4a343e90ac"

[[package]]
name = "ryu"
version = "1.0.5"
source = "registry+https://github.com/rust-lang/crates.io-index"
checksum = "71d301d4193d031abdd79ff7e3dd721168a9572ef3fe51a1517aba235bd8f86e"

[[package]]
name = "scopeguard"
version = "1.1.0"
source = "registry+https://github.com/rust-lang/crates.io-index"
checksum = "d29ab0c6d3fc0ee92fe66e2d99f700eab17a8d57d1c1d3b748380fb20baa78cd"

[[package]]
name = "serde"
version = "1.0.115"
source = "registry+https://github.com/rust-lang/crates.io-index"
checksum = "e54c9a88f2da7238af84b5101443f0c0d0a3bbdc455e34a5c9497b1903ed55d5"
dependencies = [
 "serde_derive",
]

[[package]]
name = "serde_derive"
version = "1.0.115"
source = "registry+https://github.com/rust-lang/crates.io-index"
checksum = "609feed1d0a73cc36a0182a840a9b37b4a82f0b1150369f0536a9e3f2a31dc48"
dependencies = [
 "proc-macro2",
 "quote",
 "syn",
]

[[package]]
name = "serde_json"
version = "1.0.57"
source = "registry+https://github.com/rust-lang/crates.io-index"
checksum = "164eacbdb13512ec2745fb09d51fd5b22b0d65ed294a1dcf7285a360c80a675c"
dependencies = [
 "itoa",
 "ryu",
 "serde",
]

[[package]]
name = "serde_yaml"
version = "0.8.13"
source = "registry+https://github.com/rust-lang/crates.io-index"
checksum = "ae3e2dd40a7cdc18ca80db804b7f461a39bb721160a85c9a1fa30134bf3c02a5"
dependencies = [
 "dtoa",
 "linked-hash-map",
 "serde",
 "yaml-rust",
]

[[package]]
name = "signal-hook-registry"
version = "1.2.1"
source = "registry+https://github.com/rust-lang/crates.io-index"
checksum = "a3e12110bc539e657a646068aaf5eb5b63af9d0c1f7b29c97113fad80e15f035"
dependencies = [
 "arc-swap",
 "libc",
]

[[package]]
name = "slab"
version = "0.4.2"
source = "registry+https://github.com/rust-lang/crates.io-index"
checksum = "c111b5bd5695e56cffe5129854aa230b39c93a305372fdbb2668ca2394eea9f8"

[[package]]
name = "smallvec"
version = "1.6.1"
source = "registry+https://github.com/rust-lang/crates.io-index"
checksum = "fe0f37c9e8f3c5a4a66ad655a93c74daac4ad00c441533bf5c6e7990bb42604e"

[[package]]
name = "socket2"
version = "0.3.19"
source = "registry+https://github.com/rust-lang/crates.io-index"
checksum = "122e570113d28d773067fab24266b66753f6ea915758651696b6e35e49f88d6e"
dependencies = [
 "cfg-if 1.0.0",
 "libc",
 "winapi",
]

[[package]]
name = "strsim"
version = "0.8.0"
source = "registry+https://github.com/rust-lang/crates.io-index"
checksum = "8ea5119cdb4c55b55d432abb513a0429384878c15dde60cc77b1c99de1a95a6a"

[[package]]
name = "strum"
version = "0.18.0"
source = "registry+https://github.com/rust-lang/crates.io-index"
checksum = "57bd81eb48f4c437cadc685403cad539345bf703d78e63707418431cecd4522b"

[[package]]
name = "strum_macros"
version = "0.18.0"
source = "registry+https://github.com/rust-lang/crates.io-index"
checksum = "87c85aa3f8ea653bfd3ddf25f7ee357ee4d204731f6aa9ad04002306f6e2774c"
dependencies = [
 "heck",
 "proc-macro2",
 "quote",
 "syn",
]

[[package]]
name = "syn"
version = "1.0.64"
source = "registry+https://github.com/rust-lang/crates.io-index"
checksum = "3fd9d1e9976102a03c542daa2eff1b43f9d72306342f3f8b3ed5fb8908195d6f"
dependencies = [
 "proc-macro2",
 "quote",
 "unicode-xid",
]

[[package]]
name = "synstructure"
version = "0.12.4"
source = "registry+https://github.com/rust-lang/crates.io-index"
checksum = "b834f2d66f734cb897113e34aaff2f1ab4719ca946f9a7358dba8f8064148701"
dependencies = [
 "proc-macro2",
 "quote",
 "syn",
 "unicode-xid",
]

[[package]]
name = "terminal_size"
version = "0.1.13"
source = "registry+https://github.com/rust-lang/crates.io-index"
checksum = "9a14cd9f8c72704232f0bfc8455c0e861f0ad4eb60cc9ec8a170e231414c1e13"
dependencies = [
 "libc",
 "winapi",
]

[[package]]
name = "termios"
version = "0.3.2"
source = "registry+https://github.com/rust-lang/crates.io-index"
checksum = "6f0fcee7b24a25675de40d5bb4de6e41b0df07bc9856295e7e2b3a3600c400c2"
dependencies = [
 "libc",
]

[[package]]
name = "textwrap"
version = "0.11.0"
source = "registry+https://github.com/rust-lang/crates.io-index"
checksum = "d326610f408c7a4eb6f51c37c330e496b08506c9457c9d34287ecc38809fb060"
dependencies = [
 "unicode-width",
]

[[package]]
name = "thiserror"
version = "1.0.24"
source = "registry+https://github.com/rust-lang/crates.io-index"
checksum = "e0f4a65597094d4483ddaed134f409b2cb7c1beccf25201a9f73c719254fa98e"
dependencies = [
 "thiserror-impl",
]

[[package]]
name = "thiserror-impl"
version = "1.0.24"
source = "registry+https://github.com/rust-lang/crates.io-index"
checksum = "7765189610d8241a44529806d6fd1f2e0a08734313a35d5b3a556f92b381f3c0"
dependencies = [
 "proc-macro2",
 "quote",
 "syn",
]

[[package]]
name = "time"
version = "0.1.44"
source = "registry+https://github.com/rust-lang/crates.io-index"
checksum = "6db9e6914ab8b1ae1c260a4ae7a49b6c5611b40328a735b21862567685e73255"
dependencies = [
 "libc",
 "wasi",
 "winapi",
]

[[package]]
name = "tokio"
version = "1.1.1"
source = "registry+https://github.com/rust-lang/crates.io-index"
checksum = "6714d663090b6b0acb0fa85841c6d66233d150cdb2602c8f9b8abb03370beb3f"
dependencies = [
 "autocfg",
 "bytes",
 "libc",
 "memchr",
 "mio",
 "num_cpus",
 "once_cell",
 "parking_lot",
 "pin-project-lite",
 "signal-hook-registry",
 "tokio-macros",
 "winapi",
]

[[package]]
name = "tokio-macros"
version = "1.0.0"
source = "registry+https://github.com/rust-lang/crates.io-index"
checksum = "42517d2975ca3114b22a16192634e8241dc5cc1f130be194645970cc1c371494"
dependencies = [
 "proc-macro2",
 "quote",
 "syn",
]

[[package]]
name = "tokio-stream"
version = "0.1.2"
source = "registry+https://github.com/rust-lang/crates.io-index"
checksum = "76066865172052eb8796c686f0b441a93df8b08d40a950b062ffb9a426f00edd"
dependencies = [
 "futures-core",
 "pin-project-lite",
 "tokio",
]

[[package]]
name = "tokio-util"
version = "0.6.3"
source = "registry+https://github.com/rust-lang/crates.io-index"
checksum = "ebb7cb2f00c5ae8df755b252306272cd1790d39728363936e01827e11f0b017b"
dependencies = [
 "bytes",
 "futures-core",
 "futures-sink",
 "log",
 "pin-project-lite",
 "tokio",
]

[[package]]
name = "typed-builder"
version = "0.5.1"
source = "registry+https://github.com/rust-lang/crates.io-index"
checksum = "78cea224ddd4282dfc40d1edabbd0c020a12e946e3a48e2c2b8f6ff167ad29fe"
dependencies = [
 "proc-macro2",
 "quote",
 "syn",
]

[[package]]
name = "typenum"
version = "1.12.0"
source = "registry+https://github.com/rust-lang/crates.io-index"
checksum = "373c8a200f9e67a0c95e62a4f52fbf80c23b4381c05a17845531982fa99e6b33"

[[package]]
name = "unicode-segmentation"
version = "1.6.0"
source = "registry+https://github.com/rust-lang/crates.io-index"
checksum = "e83e153d1053cbb5a118eeff7fd5be06ed99153f00dbcd8ae310c5fb2b22edc0"

[[package]]
name = "unicode-width"
version = "0.1.8"
source = "registry+https://github.com/rust-lang/crates.io-index"
checksum = "9337591893a19b88d8d87f2cec1e73fad5cdfd10e5a6f349f498ad6ea2ffb1e3"

[[package]]
name = "unicode-xid"
version = "0.2.1"
source = "registry+https://github.com/rust-lang/crates.io-index"
checksum = "f7fe0bb3479651439c9112f72b6c505038574c9fbb575ed1bf3b797fa39dd564"

[[package]]
name = "uuid"
version = "0.8.2"
source = "registry+https://github.com/rust-lang/crates.io-index"
checksum = "bc5cf98d8186244414c848017f0e2676b3fcb46807f6668a97dfe67359a3c4b7"
dependencies = [
 "getrandom",
 "serde",
]

[[package]]
name = "vec_map"
version = "0.8.2"
source = "registry+https://github.com/rust-lang/crates.io-index"
checksum = "f1bddf1187be692e79c5ffeab891132dfb0f236ed36a43c7ed39f1165ee20191"

[[package]]
name = "version_check"
version = "0.9.2"
source = "registry+https://github.com/rust-lang/crates.io-index"
checksum = "b5a972e5669d67ba988ce3dc826706fb0a8b01471c088cb0b6110b805cc36aed"

[[package]]
name = "wasi"
version = "0.10.0+wasi-snapshot-preview1"
source = "registry+https://github.com/rust-lang/crates.io-index"
checksum = "1a143597ca7c7793eff794def352d41792a93c481eb1042423ff7ff72ba2c31f"

[[package]]
name = "wasm-bindgen"
version = "0.2.70"
source = "registry+https://github.com/rust-lang/crates.io-index"
checksum = "55c0f7123de74f0dab9b7d00fd614e7b19349cd1e2f5252bbe9b1754b59433be"
dependencies = [
 "cfg-if 1.0.0",
 "wasm-bindgen-macro",
]

[[package]]
name = "wasm-bindgen-backend"
version = "0.2.70"
source = "registry+https://github.com/rust-lang/crates.io-index"
checksum = "7bc45447f0d4573f3d65720f636bbcc3dd6ce920ed704670118650bcd47764c7"
dependencies = [
 "bumpalo",
 "lazy_static",
 "log",
 "proc-macro2",
 "quote",
 "syn",
 "wasm-bindgen-shared",
]

[[package]]
name = "wasm-bindgen-macro"
version = "0.2.70"
source = "registry+https://github.com/rust-lang/crates.io-index"
checksum = "3b8853882eef39593ad4174dd26fc9865a64e84026d223f63bb2c42affcbba2c"
dependencies = [
 "quote",
 "wasm-bindgen-macro-support",
]

[[package]]
name = "wasm-bindgen-macro-support"
version = "0.2.70"
source = "registry+https://github.com/rust-lang/crates.io-index"
checksum = "4133b5e7f2a531fa413b3a1695e925038a05a71cf67e87dafa295cb645a01385"
dependencies = [
 "proc-macro2",
 "quote",
 "syn",
 "wasm-bindgen-backend",
 "wasm-bindgen-shared",
]

[[package]]
name = "wasm-bindgen-shared"
version = "0.2.70"
source = "registry+https://github.com/rust-lang/crates.io-index"
checksum = "dd4945e4943ae02d15c13962b38a5b1e81eadd4b71214eee75af64a4d6a4fd64"

[[package]]
name = "winapi"
version = "0.3.9"
source = "registry+https://github.com/rust-lang/crates.io-index"
checksum = "5c839a674fcd7a98952e593242ea400abe93992746761e38641405d28b00f419"
dependencies = [
 "winapi-i686-pc-windows-gnu",
 "winapi-x86_64-pc-windows-gnu",
]

[[package]]
name = "winapi-i686-pc-windows-gnu"
version = "0.4.0"
source = "registry+https://github.com/rust-lang/crates.io-index"
checksum = "ac3b87c63620426dd9b991e5ce0329eff545bccbbb34f3be09ff6fb6ab51b7b6"

[[package]]
name = "winapi-x86_64-pc-windows-gnu"
version = "0.4.0"
source = "registry+https://github.com/rust-lang/crates.io-index"
checksum = "712e227841d057c1ee1cd2fb22fa7e5a5461ae8e48fa2ca79ec42cfc1931183f"

[[package]]
name = "yaml-rust"
version = "0.4.4"
source = "registry+https://github.com/rust-lang/crates.io-index"
checksum = "39f0c922f1a334134dc2f7a8b67dc5d25f0735263feec974345ff706bcf20b0d"
dependencies = [
 "linked-hash-map",
]

[[package]]
name = "zerocopy"
version = "0.3.0"
source = "registry+https://github.com/rust-lang/crates.io-index"
checksum = "6580539ad917b7c026220c4b3f2c08d52ce54d6ce0dc491e66002e35388fab46"
dependencies = [
 "byteorder",
 "zerocopy-derive",
]

[[package]]
name = "zerocopy-derive"
version = "0.2.0"
source = "registry+https://github.com/rust-lang/crates.io-index"
checksum = "d498dbd1fd7beb83c86709ae1c33ca50942889473473d287d56ce4770a18edfb"
dependencies = [
 "proc-macro2",
 "syn",
 "synstructure",
]
